// !$*UTF8*$!
{
	archiveVersion = 1;
	classes = {
	};
	objectVersion = 50;
	objects = {

/* Begin PBXBuildFile section */
		F90E7C3120EE123C00402FB7 /* AppDelegate.swift in Sources */ = {isa = PBXBuildFile; fileRef = F90E7C3020EE123C00402FB7 /* AppDelegate.swift */; };
		F90E7C3320EE123C00402FB7 /* ViewController.swift in Sources */ = {isa = PBXBuildFile; fileRef = F90E7C3220EE123C00402FB7 /* ViewController.swift */; };
		F90E7C3620EE123C00402FB7 /* Main.storyboard in Resources */ = {isa = PBXBuildFile; fileRef = F90E7C3420EE123C00402FB7 /* Main.storyboard */; };
		F90E7C3920EE123C00402FB7 /* HueLights.xcdatamodeld in Sources */ = {isa = PBXBuildFile; fileRef = F90E7C3720EE123C00402FB7 /* HueLights.xcdatamodeld */; };
		F90E7C3B20EE123D00402FB7 /* Assets.xcassets in Resources */ = {isa = PBXBuildFile; fileRef = F90E7C3A20EE123D00402FB7 /* Assets.xcassets */; };
		F90E7C3E20EE123D00402FB7 /* LaunchScreen.storyboard in Resources */ = {isa = PBXBuildFile; fileRef = F90E7C3C20EE123D00402FB7 /* LaunchScreen.storyboard */; };
/* End PBXBuildFile section */

/* Begin PBXFileReference section */
		F90E7C2D20EE123C00402FB7 /* HueLights.app */ = {isa = PBXFileReference; explicitFileType = wrapper.application; includeInIndex = 0; path = HueLights.app; sourceTree = BUILT_PRODUCTS_DIR; };
		F90E7C3020EE123C00402FB7 /* AppDelegate.swift */ = {isa = PBXFileReference; lastKnownFileType = sourcecode.swift; path = AppDelegate.swift; sourceTree = "<group>"; };
		F90E7C3220EE123C00402FB7 /* ViewController.swift */ = {isa = PBXFileReference; lastKnownFileType = sourcecode.swift; path = ViewController.swift; sourceTree = "<group>"; };
		F90E7C3520EE123C00402FB7 /* Base */ = {isa = PBXFileReference; lastKnownFileType = file.storyboard; name = Base; path = Base.lproj/Main.storyboard; sourceTree = "<group>"; };
		F90E7C3820EE123C00402FB7 /* HueLights.xcdatamodel */ = {isa = PBXFileReference; lastKnownFileType = wrapper.xcdatamodel; path = HueLights.xcdatamodel; sourceTree = "<group>"; };
		F90E7C3A20EE123D00402FB7 /* Assets.xcassets */ = {isa = PBXFileReference; lastKnownFileType = folder.assetcatalog; path = Assets.xcassets; sourceTree = "<group>"; };
		F90E7C3D20EE123D00402FB7 /* Base */ = {isa = PBXFileReference; lastKnownFileType = file.storyboard; name = Base; path = Base.lproj/LaunchScreen.storyboard; sourceTree = "<group>"; };
		F90E7C3F20EE123D00402FB7 /* Info.plist */ = {isa = PBXFileReference; lastKnownFileType = text.plist.xml; path = Info.plist; sourceTree = "<group>"; };
/* End PBXFileReference section */

/* Begin PBXFrameworksBuildPhase section */
		F90E7C2A20EE123C00402FB7 /* Frameworks */ = {
			isa = PBXFrameworksBuildPhase;
			buildActionMask = 2147483647;
			files = (
			);
			runOnlyForDeploymentPostprocessing = 0;
		};
/* End PBXFrameworksBuildPhase section */

/* Begin PBXGroup section */
		F90E7C2420EE123C00402FB7 = {
			isa = PBXGroup;
			children = (
				F90E7C2F20EE123C00402FB7 /* HueLights */,
				F90E7C2E20EE123C00402FB7 /* Products */,
			);
			sourceTree = "<group>";
		};
		F90E7C2E20EE123C00402FB7 /* Products */ = {
			isa = PBXGroup;
			children = (
				F90E7C2D20EE123C00402FB7 /* HueLights.app */,
			);
			name = Products;
			sourceTree = "<group>";
		};
		F90E7C2F20EE123C00402FB7 /* HueLights */ = {
			isa = PBXGroup;
			children = (
				F90E7C3020EE123C00402FB7 /* AppDelegate.swift */,
				F90E7C3220EE123C00402FB7 /* ViewController.swift */,
				F90E7C3420EE123C00402FB7 /* Main.storyboard */,
				F90E7C3A20EE123D00402FB7 /* Assets.xcassets */,
				F90E7C3C20EE123D00402FB7 /* LaunchScreen.storyboard */,
				F90E7C3F20EE123D00402FB7 /* Info.plist */,
				F90E7C3720EE123C00402FB7 /* HueLights.xcdatamodeld */,
			);
			path = HueLights;
			sourceTree = "<group>";
		};
/* End PBXGroup section */

/* Begin PBXNativeTarget section */
		F90E7C2C20EE123C00402FB7 /* HueLights */ = {
			isa = PBXNativeTarget;
			buildConfigurationList = F90E7C4220EE123D00402FB7 /* Build configuration list for PBXNativeTarget "HueLights" */;
			buildPhases = (
				F90E7C2920EE123C00402FB7 /* Sources */,
				F90E7C2A20EE123C00402FB7 /* Frameworks */,
				F90E7C2B20EE123C00402FB7 /* Resources */,
			);
			buildRules = (
			);
			dependencies = (
			);
			name = HueLights;
			productName = HueLights;
			productReference = F90E7C2D20EE123C00402FB7 /* HueLights.app */;
			productType = "com.apple.product-type.application";
		};
/* End PBXNativeTarget section */

/* Begin PBXProject section */
		F90E7C2520EE123C00402FB7 /* Project object */ = {
			isa = PBXProject;
			attributes = {
				LastSwiftUpdateCheck = 0940;
				LastUpgradeCheck = 0940;
				ORGANIZATIONNAME = "Matthias Brock";
				TargetAttributes = {
					F90E7C2C20EE123C00402FB7 = {
						CreatedOnToolsVersion = 9.4.1;
					};
				};
			};
			buildConfigurationList = F90E7C2820EE123C00402FB7 /* Build configuration list for PBXProject "HueLights" */;
			compatibilityVersion = "Xcode 9.3";
			developmentRegion = en;
			hasScannedForEncodings = 0;
			knownRegions = (
				en,
				Base,
			);
			mainGroup = F90E7C2420EE123C00402FB7;
			productRefGroup = F90E7C2E20EE123C00402FB7 /* Products */;
			projectDirPath = "";
			projectRoot = "";
			targets = (
				F90E7C2C20EE123C00402FB7 /* HueLights */,
			);
		};
/* End PBXProject section */

/* Begin PBXResourcesBuildPhase section */
		F90E7C2B20EE123C00402FB7 /* Resources */ = {
			isa = PBXResourcesBuildPhase;
			buildActionMask = 2147483647;
			files = (
				F90E7C3E20EE123D00402FB7 /* LaunchScreen.storyboard in Resources */,
				F90E7C3B20EE123D00402FB7 /* Assets.xcassets in Resources */,
				F90E7C3620EE123C00402FB7 /* Main.storyboard in Resources */,
			);
			runOnlyForDeploymentPostprocessing = 0;
		};
/* End PBXResourcesBuildPhase section */

/* Begin PBXSourcesBuildPhase section */
		F90E7C2920EE123C00402FB7 /* Sources */ = {
			isa = PBXSourcesBuildPhase;
			buildActionMask = 2147483647;
			files = (
				F90E7C3320EE123C00402FB7 /* ViewController.swift in Sources */,
				F90E7C3120EE123C00402FB7 /* AppDelegate.swift in Sources */,
				F90E7C3920EE123C00402FB7 /* HueLights.xcdatamodeld in Sources */,
			);
			runOnlyForDeploymentPostprocessing = 0;
		};
/* End PBXSourcesBuildPhase section */

/* Begin PBXVariantGroup section */
		F90E7C3420EE123C00402FB7 /* Main.storyboard */ = {
			isa = PBXVariantGroup;
			children = (
				F90E7C3520EE123C00402FB7 /* Base */,
			);
			name = Main.storyboard;
			sourceTree = "<group>";
		};
		F90E7C3C20EE123D00402FB7 /* LaunchScreen.storyboard */ = {
			isa = PBXVariantGroup;
			children = (
				F90E7C3D20EE123D00402FB7 /* Base */,
			);
			name = LaunchScreen.storyboard;
			sourceTree = "<group>";
		};
/* End PBXVariantGroup section */

/* Begin XCBuildConfiguration section */
		F90E7C4020EE123D00402FB7 /* Debug */ = {
			isa = XCBuildConfiguration;
			buildSettings = {
				ALWAYS_SEARCH_USER_PATHS = NO;
				CLANG_ANALYZER_NONNULL = YES;
				CLANG_ANALYZER_NUMBER_OBJECT_CONVERSION = YES_AGGRESSIVE;
				CLANG_CXX_LANGUAGE_STANDARD = "gnu++14";
				CLANG_CXX_LIBRARY = "libc++";
				CLANG_ENABLE_MODULES = YES;
				CLANG_ENABLE_OBJC_ARC = YES;
				CLANG_ENABLE_OBJC_WEAK = YES;
				CLANG_WARN_BLOCK_CAPTURE_AUTORELEASING = YES;
				CLANG_WARN_BOOL_CONVERSION = YES;
				CLANG_WARN_COMMA = YES;
				CLANG_WARN_CONSTANT_CONVERSION = YES;
				CLANG_WARN_DEPRECATED_OBJC_IMPLEMENTATIONS = YES;
				CLANG_WARN_DIRECT_OBJC_ISA_USAGE = YES_ERROR;
				CLANG_WARN_DOCUMENTATION_COMMENTS = YES;
				CLANG_WARN_EMPTY_BODY = YES;
				CLANG_WARN_ENUM_CONVERSION = YES;
				CLANG_WARN_INFINITE_RECURSION = YES;
				CLANG_WARN_INT_CONVERSION = YES;
				CLANG_WARN_NON_LITERAL_NULL_CONVERSION = YES;
				CLANG_WARN_OBJC_IMPLICIT_RETAIN_SELF = YES;
				CLANG_WARN_OBJC_LITERAL_CONVERSION = YES;
				CLANG_WARN_OBJC_ROOT_CLASS = YES_ERROR;
				CLANG_WARN_RANGE_LOOP_ANALYSIS = YES;
				CLANG_WARN_STRICT_PROTOTYPES = YES;
				CLANG_WARN_SUSPICIOUS_MOVE = YES;
				CLANG_WARN_UNGUARDED_AVAILABILITY = YES_AGGRESSIVE;
				CLANG_WARN_UNREACHABLE_CODE = YES;
				CLANG_WARN__DUPLICATE_METHOD_MATCH = YES;
				CODE_SIGN_IDENTITY = "iPhone Developer";
				COPY_PHASE_STRIP = NO;
				DEBUG_INFORMATION_FORMAT = dwarf;
				ENABLE_STRICT_OBJC_MSGSEND = YES;
				ENABLE_TESTABILITY = YES;
				GCC_C_LANGUAGE_STANDARD = gnu11;
				GCC_DYNAMIC_NO_PIC = NO;
				GCC_NO_COMMON_BLOCKS = YES;
				GCC_OPTIMIZATION_LEVEL = 0;
				GCC_PREPROCESSOR_DEFINITIONS = (
					"DEBUG=1",
					"$(inherited)",
				);
				GCC_WARN_64_TO_32_BIT_CONVERSION = YES;
				GCC_WARN_ABOUT_RETURN_TYPE = YES_ERROR;
				GCC_WARN_UNDECLARED_SELECTOR = YES;
				GCC_WARN_UNINITIALIZED_AUTOS = YES_AGGRESSIVE;
				GCC_WARN_UNUSED_FUNCTION = YES;
				GCC_WARN_UNUSED_VARIABLE = YES;
				IPHONEOS_DEPLOYMENT_TARGET = 11.4;
				MTL_ENABLE_DEBUG_INFO = YES;
				ONLY_ACTIVE_ARCH = YES;
				SDKROOT = iphoneos;
				SWIFT_ACTIVE_COMPILATION_CONDITIONS = DEBUG;
				SWIFT_OPTIMIZATION_LEVEL = "-Onone";
			};
			name = Debug;
		};
		F90E7C4120EE123D00402FB7 /* Release */ = {
			isa = XCBuildConfiguration;
			buildSettings = {
				ALWAYS_SEARCH_USER_PATHS = NO;
				CLANG_ANALYZER_NONNULL = YES;
				CLANG_ANALYZER_NUMBER_OBJECT_CONVERSION = YES_AGGRESSIVE;
				CLANG_CXX_LANGUAGE_STANDARD = "gnu++14";
				CLANG_CXX_LIBRARY = "libc++";
				CLANG_ENABLE_MODULES = YES;
				CLANG_ENABLE_OBJC_ARC = YES;
				CLANG_ENABLE_OBJC_WEAK = YES;
				CLANG_WARN_BLOCK_CAPTURE_AUTORELEASING = YES;
				CLANG_WARN_BOOL_CONVERSION = YES;
				CLANG_WARN_COMMA = YES;
				CLANG_WARN_CONSTANT_CONVERSION = YES;
				CLANG_WARN_DEPRECATED_OBJC_IMPLEMENTATIONS = YES;
				CLANG_WARN_DIRECT_OBJC_ISA_USAGE = YES_ERROR;
				CLANG_WARN_DOCUMENTATION_COMMENTS = YES;
				CLANG_WARN_EMPTY_BODY = YES;
				CLANG_WARN_ENUM_CONVERSION = YES;
				CLANG_WARN_INFINITE_RECURSION = YES;
				CLANG_WARN_INT_CONVERSION = YES;
				CLANG_WARN_NON_LITERAL_NULL_CONVERSION = YES;
				CLANG_WARN_OBJC_IMPLICIT_RETAIN_SELF = YES;
				CLANG_WARN_OBJC_LITERAL_CONVERSION = YES;
				CLANG_WARN_OBJC_ROOT_CLASS = YES_ERROR;
				CLANG_WARN_RANGE_LOOP_ANALYSIS = YES;
				CLANG_WARN_STRICT_PROTOTYPES = YES;
				CLANG_WARN_SUSPICIOUS_MOVE = YES;
				CLANG_WARN_UNGUARDED_AVAILABILITY = YES_AGGRESSIVE;
				CLANG_WARN_UNREACHABLE_CODE = YES;
				CLANG_WARN__DUPLICATE_METHOD_MATCH = YES;
				CODE_SIGN_IDENTITY = "iPhone Developer";
				COPY_PHASE_STRIP = NO;
				DEBUG_INFORMATION_FORMAT = "dwarf-with-dsym";
				ENABLE_NS_ASSERTIONS = NO;
				ENABLE_STRICT_OBJC_MSGSEND = YES;
				GCC_C_LANGUAGE_STANDARD = gnu11;
				GCC_NO_COMMON_BLOCKS = YES;
				GCC_WARN_64_TO_32_BIT_CONVERSION = YES;
				GCC_WARN_ABOUT_RETURN_TYPE = YES_ERROR;
				GCC_WARN_UNDECLARED_SELECTOR = YES;
				GCC_WARN_UNINITIALIZED_AUTOS = YES_AGGRESSIVE;
				GCC_WARN_UNUSED_FUNCTION = YES;
				GCC_WARN_UNUSED_VARIABLE = YES;
				IPHONEOS_DEPLOYMENT_TARGET = 11.4;
				MTL_ENABLE_DEBUG_INFO = NO;
				SDKROOT = iphoneos;
				SWIFT_COMPILATION_MODE = wholemodule;
				SWIFT_OPTIMIZATION_LEVEL = "-O";
				VALIDATE_PRODUCT = YES;
			};
			name = Release;
		};
		F90E7C4320EE123D00402FB7 /* Debug */ = {
			isa = XCBuildConfiguration;
			buildSettings = {
				ASSETCATALOG_COMPILER_APPICON_NAME = AppIcon;
				CODE_SIGN_STYLE = Automatic;
				DEVELOPMENT_TEAM = 823QNGG4YH;
				INFOPLIST_FILE = HueLights/Info.plist;
				LD_RUNPATH_SEARCH_PATHS = (
					"$(inherited)",
					"@executable_path/Frameworks",
				);
				PRODUCT_BUNDLE_IDENTIFIER = com.brock.HueLights;
				PRODUCT_NAME = "$(TARGET_NAME)";
				SWIFT_VERSION = 4.0;
				TARGETED_DEVICE_FAMILY = "1,2";
			};
			name = Debug;
		};
		F90E7C4420EE123D00402FB7 /* Release */ = {
			isa = XCBuildConfiguration;
			buildSettings = {
				ASSETCATALOG_COMPILER_APPICON_NAME = AppIcon;
				CODE_SIGN_STYLE = Automatic;
				DEVELOPMENT_TEAM = 823QNGG4YH;
				INFOPLIST_FILE = HueLights/Info.plist;
				LD_RUNPATH_SEARCH_PATHS = (
					"$(inherited)",
					"@executable_path/Frameworks",
				);
				PRODUCT_BUNDLE_IDENTIFIER = com.brock.HueLights;
				PRODUCT_NAME = "$(TARGET_NAME)";
				SWIFT_VERSION = 4.0;
				TARGETED_DEVICE_FAMILY = "1,2";
			};
			name = Release;
		};
/* End XCBuildConfiguration section */

/* Begin XCConfigurationList section */
		F90E7C2820EE123C00402FB7 /* Build configuration list for PBXProject "HueLights" */ = {
			isa = XCConfigurationList;
			buildConfigurations = (
				F90E7C4020EE123D00402FB7 /* Debug */,
				F90E7C4120EE123D00402FB7 /* Release */,
			);
			defaultConfigurationIsVisible = 0;
			defaultConfigurationName = Release;
		};
		F90E7C4220EE123D00402FB7 /* Build configuration list for PBXNativeTarget "HueLights" */ = {
			isa = XCConfigurationList;
			buildConfigurations = (
				F90E7C4320EE123D00402FB7 /* Debug */,
				F90E7C4420EE123D00402FB7 /* Release */,
			);
			defaultConfigurationIsVisible = 0;
			defaultConfigurationName = Release;
		};
/* End XCConfigurationList section */

/* Begin XCVersionGroup section */
		F90E7C3720EE123C00402FB7 /* HueLights.xcdatamodeld */ = {
			isa = XCVersionGroup;
			children = (
				F90E7C3820EE123C00402FB7 /* HueLights.xcdatamodel */,
			);
			currentVersion = F90E7C3820EE123C00402FB7 /* HueLights.xcdatamodel */;
			path = HueLights.xcdatamodeld;
			sourceTree = "<group>";
			versionGroupType = wrapper.xcdatamodel;
		};
/* End XCVersionGroup section */
	};
	rootObject = F90E7C2520EE123C00402FB7 /* Project object */;
}
